
Microsoft Visual Studio Solution File, Format Version 12.00
# Visual Studio 15
VisualStudioVersion = 15.0.27004.2009
MinimumVisualStudioVersion = 10.0.40219.1
Project("{FAE04EC0-301F-11D3-BF4B-00C04F79EFBC}") = "GlobalRightManagement.Test", "GlobalRightManagement.Test\GlobalRightManagement.Test.csproj", "{EE5A4AB1-F38E-4853-8206-3E58F7CDEB77}"
EndProject
Project("{FAE04EC0-301F-11D3-BF4B-00C04F79EFBC}") = "GlobalRightManagement.Host", "GlobalRightManagement.Host\GlobalRightManagement.Host.csproj", "{49D82B77-F105-4A92-B1A2-3310F6102E6A}"
EndProject
Project("{FAE04EC0-301F-11D3-BF4B-00C04F79EFBC}") = "GlobalRightManagement.DataAccess", "GlobalRightManagement.DataAccess\GlobalRightManagement.DataAccess.csproj", "{A5E709A2-5A43-4B06-B27D-032CA0152B8B}"
EndProject
Project("{FAE04EC0-301F-11D3-BF4B-00C04F79EFBC}") = "GlobalRightManagement.Business", "GlobalRightManagement.Business\GlobalRightManagement.Business.csproj", "{24466B68-79D1-4B57-9DAC-124D5CED098B}"
EndProject
Global
	GlobalSection(SolutionConfigurationPlatforms) = preSolution
		Debug|Any CPU = Debug|Any CPU
		Release|Any CPU = Release|Any CPU
	EndGlobalSection
	GlobalSection(ProjectConfigurationPlatforms) = postSolution
		{EE5A4AB1-F38E-4853-8206-3E58F7CDEB77}.Debug|Any CPU.ActiveCfg = Debug|Any CPU
		{EE5A4AB1-F38E-4853-8206-3E58F7CDEB77}.Debug|Any CPU.Build.0 = Debug|Any CPU
		{EE5A4AB1-F38E-4853-8206-3E58F7CDEB77}.Release|Any CPU.ActiveCfg = Release|Any CPU
		{EE5A4AB1-F38E-4853-8206-3E58F7CDEB77}.Release|Any CPU.Build.0 = Release|Any CPU
		{49D82B77-F105-4A92-B1A2-3310F6102E6A}.Debug|Any CPU.ActiveCfg = Debug|Any CPU
		{49D82B77-F105-4A92-B1A2-3310F6102E6A}.Debug|Any CPU.Build.0 = Debug|Any CPU
		{49D82B77-F105-4A92-B1A2-3310F6102E6A}.Release|Any CPU.ActiveCfg = Release|Any CPU
		{49D82B77-F105-4A92-B1A2-3310F6102E6A}.Release|Any CPU.Build.0 = Release|Any CPU
		{A5E709A2-5A43-4B06-B27D-032CA0152B8B}.Debug|Any CPU.ActiveCfg = Debug|Any CPU
		{A5E709A2-5A43-4B06-B27D-032CA0152B8B}.Debug|Any CPU.Build.0 = Debug|Any CPU
		{A5E709A2-5A43-4B06-B27D-032CA0152B8B}.Release|Any CPU.ActiveCfg = Release|Any CPU
		{A5E709A2-5A43-4B06-B27D-032CA0152B8B}.Release|Any CPU.Build.0 = Release|Any CPU
		{24466B68-79D1-4B57-9DAC-124D5CED098B}.Debug|Any CPU.ActiveCfg = Debug|Any CPU
		{24466B68-79D1-4B57-9DAC-124D5CED098B}.Debug|Any CPU.Build.0 = Debug|Any CPU
		{24466B68-79D1-4B57-9DAC-124D5CED098B}.Release|Any CPU.ActiveCfg = Release|Any CPU
		{24466B68-79D1-4B57-9DAC-124D5CED098B}.Release|Any CPU.Build.0 = Release|Any CPU
	EndGlobalSection
	GlobalSection(SolutionProperties) = preSolution
		HideSolutionNode = FALSE
	EndGlobalSection
	GlobalSection(ExtensibilityGlobals) = postSolution
		SolutionGuid = {3127111D-EBD9-4CEE-9789-22BED1D35EFA}
	EndGlobalSection
EndGlobal
